
Microsoft Visual Studio Solution File, Format Version 12.00
# Visual Studio Version 16
VisualStudioVersion = 16.0.31624.102
MinimumVisualStudioVersion = 10.0.40219.1
Project("{FAE04EC0-301F-11D3-BF4B-00C04F79EFBC}") = "Assignment3OnADONET", "Assignment3OnADONET\Assignment3OnADONET.csproj", "{BB201467-FE7B-448B-89D5-3C921F08FB47}"
EndProject
Global
	GlobalSection(SolutionConfigurationPlatforms) = preSolution
		Debug|Any CPU = Debug|Any CPU
		Release|Any CPU = Release|Any CPU
	EndGlobalSection
	GlobalSection(ProjectConfigurationPlatforms) = postSolution
		{BB201467-FE7B-448B-89D5-3C921F08FB47}.Debug|Any CPU.ActiveCfg = Debug|Any CPU
		{BB201467-FE7B-448B-89D5-3C921F08FB47}.Debug|Any CPU.Build.0 = Debug|Any CPU
		{BB201467-FE7B-448B-89D5-3C921F08FB47}.Release|Any CPU.ActiveCfg = Release|Any CPU
		{BB201467-FE7B-448B-89D5-3C921F08FB47}.Release|Any CPU.Build.0 = Release|Any CPU
	EndGlobalSection
	GlobalSection(SolutionProperties) = preSolution
		HideSolutionNode = FALSE
	EndGlobalSection
	GlobalSection(ExtensibilityGlobals) = postSolution
		SolutionGuid = {B64EA324-50FC-4C44-ABE7-3ACC738197A0}
	EndGlobalSection
EndGlobal
